
Microsoft Visual Studio Solution File, Format Version 12.00
# Visual Studio 2012
Project("{2150E333-8FDC-42A3-9474-1A3956D46DE8}") = "Presentation", "Presentation", "{AB921B6F-3B12-411B-90FA-44FFE7A36DD1}"
EndProject
Project("{2150E333-8FDC-42A3-9474-1A3956D46DE8}") = "Services", "Services", "{2FB078F6-2F35-4C48-8ABE-569CDED3EEB6}"
EndProject
Project("{2150E333-8FDC-42A3-9474-1A3956D46DE8}") = "Business", "Business", "{F45CBDC2-0FFF-46B2-AD13-7A153EA5CD3C}"
EndProject
Project("{2150E333-8FDC-42A3-9474-1A3956D46DE8}") = "Data", "Data", "{D89E496C-A53E-4AA1-8C19-D1E39F09F938}"
EndProject
Project("{FAE04EC0-301F-11D3-BF4B-00C04F79EFBC}") = "JeevanGPS.Web", "Presentation\JeevanGPS.Web\JeevanGPS.Web.csproj", "{546DA51A-2BCF-4E48-BB19-74E5EDEBF441}"
EndProject
Project("{FAE04EC0-301F-11D3-BF4B-00C04F79EFBC}") = "JeevanGPS.Web.Tests", "Presentation\JeevanGPS.Web.Tests\JeevanGPS.Web.Tests.csproj", "{F2E330F7-7104-4540-9A85-88592541EFDC}"
EndProject
Project("{FAE04EC0-301F-11D3-BF4B-00C04F79EFBC}") = "JeevanGPS.DAL", "Data\JeevanGPS.DAL\JeevanGPS.DAL.csproj", "{8A8D951C-E613-4DA7-BECC-B7036E43D740}"
EndProject
Project("{FAE04EC0-301F-11D3-BF4B-00C04F79EFBC}") = "JeevanGPS.Repository", "Data\JeevanGPS.Repository\JeevanGPS.Repository.csproj", "{D5EFF557-55B2-4E44-91B9-D64EF6F41D63}"
EndProject
Project("{FAE04EC0-301F-11D3-BF4B-00C04F79EFBC}") = "JeevanGPS.BL", "Business\JeevanGPS.BL\JeevanGPS.BL.csproj", "{586CB83E-B912-4118-9624-DC61D927F332}"
EndProject
Project("{FAE04EC0-301F-11D3-BF4B-00C04F79EFBC}") = "JeevanGPS.BO", "Business\JeevanGPS.BO\JeevanGPS.BO.csproj", "{537B2723-6D3A-4E96-963E-88C0CE119CCD}"
EndProject
Project("{FAE04EC0-301F-11D3-BF4B-00C04F79EFBC}") = "JeevanGPS.API", "JeevanGPS.API\JeevanGPS.API.csproj", "{8CF79D86-A9C0-4C28-97A6-B0A7577870AA}"
EndProject
Project("{FAE04EC0-301F-11D3-BF4B-00C04F79EFBC}") = "JeevanGPS.API.Tests", "JeevanGPS.API.Tests\JeevanGPS.API.Tests.csproj", "{5746D89C-ED93-4F38-BBD6-7776952EABCF}"
EndProject
Global
	GlobalSection(SolutionConfigurationPlatforms) = preSolution
		Debug|Any CPU = Debug|Any CPU
		Release|Any CPU = Release|Any CPU
	EndGlobalSection
	GlobalSection(ProjectConfigurationPlatforms) = postSolution
		{546DA51A-2BCF-4E48-BB19-74E5EDEBF441}.Debug|Any CPU.ActiveCfg = Debug|Any CPU
		{546DA51A-2BCF-4E48-BB19-74E5EDEBF441}.Debug|Any CPU.Build.0 = Debug|Any CPU
		{546DA51A-2BCF-4E48-BB19-74E5EDEBF441}.Release|Any CPU.ActiveCfg = Release|Any CPU
		{546DA51A-2BCF-4E48-BB19-74E5EDEBF441}.Release|Any CPU.Build.0 = Release|Any CPU
		{F2E330F7-7104-4540-9A85-88592541EFDC}.Debug|Any CPU.ActiveCfg = Debug|Any CPU
		{F2E330F7-7104-4540-9A85-88592541EFDC}.Debug|Any CPU.Build.0 = Debug|Any CPU
		{F2E330F7-7104-4540-9A85-88592541EFDC}.Release|Any CPU.ActiveCfg = Release|Any CPU
		{F2E330F7-7104-4540-9A85-88592541EFDC}.Release|Any CPU.Build.0 = Release|Any CPU
		{8A8D951C-E613-4DA7-BECC-B7036E43D740}.Debug|Any CPU.ActiveCfg = Debug|Any CPU
		{8A8D951C-E613-4DA7-BECC-B7036E43D740}.Debug|Any CPU.Build.0 = Debug|Any CPU
		{8A8D951C-E613-4DA7-BECC-B7036E43D740}.Release|Any CPU.ActiveCfg = Release|Any CPU
		{8A8D951C-E613-4DA7-BECC-B7036E43D740}.Release|Any CPU.Build.0 = Release|Any CPU
		{D5EFF557-55B2-4E44-91B9-D64EF6F41D63}.Debug|Any CPU.ActiveCfg = Debug|Any CPU
		{D5EFF557-55B2-4E44-91B9-D64EF6F41D63}.Debug|Any CPU.Build.0 = Debug|Any CPU
		{D5EFF557-55B2-4E44-91B9-D64EF6F41D63}.Release|Any CPU.ActiveCfg = Release|Any CPU
		{D5EFF557-55B2-4E44-91B9-D64EF6F41D63}.Release|Any CPU.Build.0 = Release|Any CPU
		{586CB83E-B912-4118-9624-DC61D927F332}.Debug|Any CPU.ActiveCfg = Debug|Any CPU
		{586CB83E-B912-4118-9624-DC61D927F332}.Debug|Any CPU.Build.0 = Debug|Any CPU
		{586CB83E-B912-4118-9624-DC61D927F332}.Release|Any CPU.ActiveCfg = Release|Any CPU
		{586CB83E-B912-4118-9624-DC61D927F332}.Release|Any CPU.Build.0 = Release|Any CPU
		{537B2723-6D3A-4E96-963E-88C0CE119CCD}.Debug|Any CPU.ActiveCfg = Debug|Any CPU
		{537B2723-6D3A-4E96-963E-88C0CE119CCD}.Debug|Any CPU.Build.0 = Debug|Any CPU
		{537B2723-6D3A-4E96-963E-88C0CE119CCD}.Release|Any CPU.ActiveCfg = Release|Any CPU
		{537B2723-6D3A-4E96-963E-88C0CE119CCD}.Release|Any CPU.Build.0 = Release|Any CPU
		{8CF79D86-A9C0-4C28-97A6-B0A7577870AA}.Debug|Any CPU.ActiveCfg = Debug|Any CPU
		{8CF79D86-A9C0-4C28-97A6-B0A7577870AA}.Debug|Any CPU.Build.0 = Debug|Any CPU
		{8CF79D86-A9C0-4C28-97A6-B0A7577870AA}.Release|Any CPU.ActiveCfg = Release|Any CPU
		{8CF79D86-A9C0-4C28-97A6-B0A7577870AA}.Release|Any CPU.Build.0 = Release|Any CPU
		{5746D89C-ED93-4F38-BBD6-7776952EABCF}.Debug|Any CPU.ActiveCfg = Debug|Any CPU
		{5746D89C-ED93-4F38-BBD6-7776952EABCF}.Debug|Any CPU.Build.0 = Debug|Any CPU
		{5746D89C-ED93-4F38-BBD6-7776952EABCF}.Release|Any CPU.ActiveCfg = Release|Any CPU
		{5746D89C-ED93-4F38-BBD6-7776952EABCF}.Release|Any CPU.Build.0 = Release|Any CPU
	EndGlobalSection
	GlobalSection(SolutionProperties) = preSolution
		HideSolutionNode = FALSE
	EndGlobalSection
	GlobalSection(NestedProjects) = preSolution
		{546DA51A-2BCF-4E48-BB19-74E5EDEBF441} = {AB921B6F-3B12-411B-90FA-44FFE7A36DD1}
		{F2E330F7-7104-4540-9A85-88592541EFDC} = {AB921B6F-3B12-411B-90FA-44FFE7A36DD1}
		{8CF79D86-A9C0-4C28-97A6-B0A7577870AA} = {2FB078F6-2F35-4C48-8ABE-569CDED3EEB6}
		{5746D89C-ED93-4F38-BBD6-7776952EABCF} = {2FB078F6-2F35-4C48-8ABE-569CDED3EEB6}
		{586CB83E-B912-4118-9624-DC61D927F332} = {F45CBDC2-0FFF-46B2-AD13-7A153EA5CD3C}
		{537B2723-6D3A-4E96-963E-88C0CE119CCD} = {F45CBDC2-0FFF-46B2-AD13-7A153EA5CD3C}
		{8A8D951C-E613-4DA7-BECC-B7036E43D740} = {D89E496C-A53E-4AA1-8C19-D1E39F09F938}
		{D5EFF557-55B2-4E44-91B9-D64EF6F41D63} = {D89E496C-A53E-4AA1-8C19-D1E39F09F938}
	EndGlobalSection
EndGlobal
